// !$*UTF8*$!
{
	archiveVersion = 1;
	classes = {
	};
	objectVersion = 46;
	objects = {

/* Begin PBXBuildFile section */
		626C61091932F259007A3E00 /* Metal.framework in Frameworks */ = {isa = PBXBuildFile; fileRef = 626C61081932F259007A3E00 /* Metal.framework */; };
		626C610B1932F25E007A3E00 /* QuartzCore.framework in Frameworks */ = {isa = PBXBuildFile; fileRef = 626C610A1932F25E007A3E00 /* QuartzCore.framework */; };
		D854F15A1B93947400D02CB8 /* body.hpp in Headers */ = {isa = PBXBuildFile; fileRef = D854F14E1B93947400D02CB8 /* body.hpp */; };
		D854F15B1B93947400D02CB8 /* body.cpp in Sources */ = {isa = PBXBuildFile; fileRef = D854F1501B93947400D02CB8 /* body.cpp */; };
		D854F15C1B93947400D02CB8 /* actorGroup.h in Headers */ = {isa = PBXBuildFile; fileRef = D854F1531B93947400D02CB8 /* actorGroup.h */; };
		D854F15D1B93947400D02CB8 /* mesh.h in Headers */ = {isa = PBXBuildFile; fileRef = D854F1541B93947400D02CB8 /* mesh.h */; };
		D854F15E1B93947400D02CB8 /* pipeline.h in Headers */ = {isa = PBXBuildFile; fileRef = D854F1551B93947400D02CB8 /* pipeline.h */; };
		D854F15F1B93947400D02CB8 /* actorGroup.mm in Sources */ = {isa = PBXBuildFile; fileRef = D854F1571B93947400D02CB8 /* actorGroup.mm */; };
		D854F1601B93947400D02CB8 /* mesh.m in Sources */ = {isa = PBXBuildFile; fileRef = D854F1581B93947400D02CB8 /* mesh.m */; };
		D854F1611B93947400D02CB8 /* pipeline.m in Sources */ = {isa = PBXBuildFile; fileRef = D854F1591B93947400D02CB8 /* pipeline.m */; };
		D854F17F1B93951400D02CB8 /* PVRTBoneBatch.cpp in Sources */ = {isa = PBXBuildFile; fileRef = D854F1621B93951400D02CB8 /* PVRTBoneBatch.cpp */; };
		D854F1801B93951400D02CB8 /* PVRTBoneBatch.h in Headers */ = {isa = PBXBuildFile; fileRef = D854F1631B93951400D02CB8 /* PVRTBoneBatch.h */; };
		D854F1811B93951400D02CB8 /* PVRTError.cpp in Sources */ = {isa = PBXBuildFile; fileRef = D854F1641B93951400D02CB8 /* PVRTError.cpp */; };
		D854F1821B93951400D02CB8 /* PVRTError.h in Headers */ = {isa = PBXBuildFile; fileRef = D854F1651B93951400D02CB8 /* PVRTError.h */; };
		D854F1831B93951400D02CB8 /* PVRTFixedPoint.cpp in Sources */ = {isa = PBXBuildFile; fileRef = D854F1661B93951400D02CB8 /* PVRTFixedPoint.cpp */; };
		D854F1841B93951400D02CB8 /* PVRTFixedPoint.h in Headers */ = {isa = PBXBuildFile; fileRef = D854F1671B93951400D02CB8 /* PVRTFixedPoint.h */; };
		D854F1851B93951400D02CB8 /* PVRTGlobal.h in Headers */ = {isa = PBXBuildFile; fileRef = D854F1681B93951400D02CB8 /* PVRTGlobal.h */; };
		D854F1861B93951400D02CB8 /* PVRTMathTable.h in Headers */ = {isa = PBXBuildFile; fileRef = D854F1691B93951400D02CB8 /* PVRTMathTable.h */; };
		D854F1871B93951400D02CB8 /* PVRTMatrix.h in Headers */ = {isa = PBXBuildFile; fileRef = D854F16A1B93951400D02CB8 /* PVRTMatrix.h */; };
		D854F1881B93951400D02CB8 /* PVRTMatrixF.cpp in Sources */ = {isa = PBXBuildFile; fileRef = D854F16B1B93951400D02CB8 /* PVRTMatrixF.cpp */; };
		D854F1891B93951400D02CB8 /* PVRTMatrixX.cpp in Sources */ = {isa = PBXBuildFile; fileRef = D854F16C1B93951400D02CB8 /* PVRTMatrixX.cpp */; };
		D854F18A1B93951400D02CB8 /* PVRTMemoryFileSystem.h in Headers */ = {isa = PBXBuildFile; fileRef = D854F16D1B93951400D02CB8 /* PVRTMemoryFileSystem.h */; };
		D854F18B1B93951400D02CB8 /* PVRTMisc.cpp in Sources */ = {isa = PBXBuildFile; fileRef = D854F16E1B93951400D02CB8 /* PVRTMisc.cpp */; };
		D854F18C1B93951400D02CB8 /* PVRTMisc.h in Headers */ = {isa = PBXBuildFile; fileRef = D854F16F1B93951400D02CB8 /* PVRTMisc.h */; };
		D854F18D1B93951400D02CB8 /* PVRTModelPOD.cpp in Sources */ = {isa = PBXBuildFile; fileRef = D854F1701B93951400D02CB8 /* PVRTModelPOD.cpp */; };
		D854F18E1B93951400D02CB8 /* PVRTModelPOD.h in Headers */ = {isa = PBXBuildFile; fileRef = D854F1711B93951400D02CB8 /* PVRTModelPOD.h */; };
		D854F18F1B93951400D02CB8 /* PVRTQuaternion.h in Headers */ = {isa = PBXBuildFile; fileRef = D854F1721B93951400D02CB8 /* PVRTQuaternion.h */; };
		D854F1901B93951400D02CB8 /* PVRTQuaternionF.cpp in Sources */ = {isa = PBXBuildFile; fileRef = D854F1731B93951400D02CB8 /* PVRTQuaternionF.cpp */; };
		D854F1911B93951400D02CB8 /* PVRTQuaternionX.cpp in Sources */ = {isa = PBXBuildFile; fileRef = D854F1741B93951400D02CB8 /* PVRTQuaternionX.cpp */; };
		D854F1921B93951400D02CB8 /* PVRTResourceFile.cpp in Sources */ = {isa = PBXBuildFile; fileRef = D854F1751B93951400D02CB8 /* PVRTResourceFile.cpp */; };
		D854F1931B93951400D02CB8 /* PVRTResourceFile.h in Headers */ = {isa = PBXBuildFile; fileRef = D854F1761B93951400D02CB8 /* PVRTResourceFile.h */; };
		D854F1941B93951400D02CB8 /* PVRTString.cpp in Sources */ = {isa = PBXBuildFile; fileRef = D854F1771B93951400D02CB8 /* PVRTString.cpp */; };
		D854F1951B93951400D02CB8 /* PVRTString.h in Headers */ = {isa = PBXBuildFile; fileRef = D854F1781B93951400D02CB8 /* PVRTString.h */; };
		D854F1961B93951400D02CB8 /* PVRTTrans.cpp in Sources */ = {isa = PBXBuildFile; fileRef = D854F1791B93951400D02CB8 /* PVRTTrans.cpp */; };
		D854F1971B93951400D02CB8 /* PVRTTrans.h in Headers */ = {isa = PBXBuildFile; fileRef = D854F17A1B93951400D02CB8 /* PVRTTrans.h */; };
		D854F1981B93951400D02CB8 /* PVRTVector.cpp in Sources */ = {isa = PBXBuildFile; fileRef = D854F17B1B93951400D02CB8 /* PVRTVector.cpp */; };
		D854F1991B93951400D02CB8 /* PVRTVector.h in Headers */ = {isa = PBXBuildFile; fileRef = D854F17C1B93951400D02CB8 /* PVRTVector.h */; };
		D854F19A1B93951400D02CB8 /* PVRTVertex.cpp in Sources */ = {isa = PBXBuildFile; fileRef = D854F17D1B93951400D02CB8 /* PVRTVertex.cpp */; };
		D854F19B1B93951400D02CB8 /* PVRTVertex.h in Headers */ = {isa = PBXBuildFile; fileRef = D854F17E1B93951400D02CB8 /* PVRTVertex.h */; };
		D86FC4031B93846F006AD475 /* AAPLAppDelegate.h in Headers */ = {isa = PBXBuildFile; fileRef = D86FC3F91B93846F006AD475 /* AAPLAppDelegate.h */; };
		D86FC4041B93846F006AD475 /* AAPLAppDelegate.mm in Sources */ = {isa = PBXBuildFile; fileRef = D86FC3FA1B93846F006AD475 /* AAPLAppDelegate.mm */; };
		D86FC4051B93846F006AD475 /* AAPLView.h in Headers */ = {isa = PBXBuildFile; fileRef = D86FC3FB1B93846F006AD475 /* AAPLView.h */; };
		D86FC4061B93846F006AD475 /* AAPLView.mm in Sources */ = {isa = PBXBuildFile; fileRef = D86FC3FC1B93846F006AD475 /* AAPLView.mm */; };
		D86FC4071B93846F006AD475 /* AAPLViewController.h in Headers */ = {isa = PBXBuildFile; fileRef = D86FC3FD1B93846F006AD475 /* AAPLViewController.h */; };
		D86FC4081B93846F006AD475 /* AAPLViewController.mm in Sources */ = {isa = PBXBuildFile; fileRef = D86FC3FE1B93846F006AD475 /* AAPLViewController.mm */; };
		D86FC40A1B93846F006AD475 /* AAPLTransforms.h in Headers */ = {isa = PBXBuildFile; fileRef = D86FC4011B93846F006AD475 /* AAPLTransforms.h */; };
		D86FC40B1B93846F006AD475 /* AAPLTransforms.mm in Sources */ = {isa = PBXBuildFile; fileRef = D86FC4021B93846F006AD475 /* AAPLTransforms.mm */; };
		D86FC43F1B938DC2006AD475 /* Main.storyboard in Resources */ = {isa = PBXBuildFile; fileRef = D86FC43E1B938DC2006AD475 /* Main.storyboard */; };
		D86FC4431B938EB9006AD475 /* main.m in Sources */ = {isa = PBXBuildFile; fileRef = D86FC4421B938EB9006AD475 /* main.m */; };
		D87699B81B93794900A77979 /* shaders.metal in Sources */ = {isa = PBXBuildFile; fileRef = D87699B51B93794900A77979 /* shaders.metal */; };
		D87699B91B93794900A77979 /* UniformBlockMap.h in Headers */ = {isa = PBXBuildFile; fileRef = D87699B61B93794900A77979 /* UniformBlockMap.h */; };
		D87699BA1B93794900A77979 /* UniformBlocks.h in Headers */ = {isa = PBXBuildFile; fileRef = D87699B71B93794900A77979 /* UniformBlocks.h */; };
		D87699BD1B93795900A77979 /* AAPLRenderer.h in Headers */ = {isa = PBXBuildFile; fileRef = D87699BB1B93795900A77979 /* AAPLRenderer.h */; };
		D87699BE1B93795900A77979 /* AAPLRenderer.mm in Sources */ = {isa = PBXBuildFile; fileRef = D87699BC1B93795900A77979 /* AAPLRenderer.mm */; };
		D87699CC1B937A1A00A77979 /* LaunchScreen.xib in Resources */ = {isa = PBXBuildFile; fileRef = D87699CA1B937A1A00A77979 /* LaunchScreen.xib */; };
/* End PBXBuildFile section */

/* Begin PBXFileReference section */
		626C60B31932F12C007A3E00 /* 02_BasicPODScene.app */ = {isa = PBXFileReference; explicitFileType = wrapper.application; includeInIndex = 0; path = 02_BasicPODScene.app; sourceTree = BUILT_PRODUCTS_DIR; };
		626C61081932F259007A3E00 /* Metal.framework */ = {isa = PBXFileReference; lastKnownFileType = wrapper.framework; name = Metal.framework; path = System/Library/Frameworks/Metal.framework; sourceTree = SDKROOT; };
		626C610A1932F25E007A3E00 /* QuartzCore.framework */ = {isa = PBXFileReference; lastKnownFileType = wrapper.framework; name = QuartzCore.framework; path = System/Library/Frameworks/QuartzCore.framework; sourceTree = SDKROOT; };
		D854F14E1B93947400D02CB8 /* body.hpp */ = {isa = PBXFileReference; fileEncoding = 4; lastKnownFileType = sourcecode.cpp.h; path = body.hpp; sourceTree = "<group>"; };
		D854F1501B93947400D02CB8 /* body.cpp */ = {isa = PBXFileReference; fileEncoding = 4; lastKnownFileType = sourcecode.cpp.cpp; path = body.cpp; sourceTree = "<group>"; };
		D854F1531B93947400D02CB8 /* actorGroup.h */ = {isa = PBXFileReference; fileEncoding = 4; lastKnownFileType = sourcecode.c.h; path = actorGroup.h; sourceTree = "<group>"; };
		D854F1541B93947400D02CB8 /* mesh.h */ = {isa = PBXFileReference; fileEncoding = 4; lastKnownFileType = sourcecode.c.h; path = mesh.h; sourceTree = "<group>"; };
		D854F1551B93947400D02CB8 /* pipeline.h */ = {isa = PBXFileReference; fileEncoding = 4; lastKnownFileType = sourcecode.c.h; path = pipeline.h; sourceTree = "<group>"; };
		D854F1571B93947400D02CB8 /* actorGroup.mm */ = {isa = PBXFileReference; fileEncoding = 4; lastKnownFileType = sourcecode.cpp.objcpp; path = actorGroup.mm; sourceTree = "<group>"; };
		D854F1581B93947400D02CB8 /* mesh.m */ = {isa = PBXFileReference; fileEncoding = 4; lastKnownFileType = sourcecode.c.objc; path = mesh.m; sourceTree = "<group>"; };
		D854F1591B93947400D02CB8 /* pipeline.m */ = {isa = PBXFileReference; fileEncoding = 4; lastKnownFileType = sourcecode.c.objc; path = pipeline.m; sourceTree = "<group>"; };
		D854F1621B93951400D02CB8 /* PVRTBoneBatch.cpp */ = {isa = PBXFileReference; fileEncoding = 4; lastKnownFileType = sourcecode.cpp.cpp; name = PVRTBoneBatch.cpp; path = ../../../thirdParty/pvrSdk/framework/PVRTBoneBatch.cpp; sourceTree = "<group>"; };
		D854F1631B93951400D02CB8 /* PVRTBoneBatch.h */ = {isa = PBXFileReference; fileEncoding = 4; lastKnownFileType = sourcecode.c.h; name = PVRTBoneBatch.h; path = ../../../thirdParty/pvrSdk/framework/PVRTBoneBatch.h; sourceTree = "<group>"; };
		D854F1641B93951400D02CB8 /* PVRTError.cpp */ = {isa = PBXFileReference; fileEncoding = 4; lastKnownFileType = sourcecode.cpp.cpp; name = PVRTError.cpp; path = ../../../thirdParty/pvrSdk/framework/PVRTError.cpp; sourceTree = "<group>"; };
		D854F1651B93951400D02CB8 /* PVRTError.h */ = {isa = PBXFileReference; fileEncoding = 4; lastKnownFileType = sourcecode.c.h; name = PVRTError.h; path = ../../../thirdParty/pvrSdk/framework/PVRTError.h; sourceTree = "<group>"; };
		D854F1661B93951400D02CB8 /* PVRTFixedPoint.cpp */ = {isa = PBXFileReference; fileEncoding = 4; lastKnownFileType = sourcecode.cpp.cpp; name = PVRTFixedPoint.cpp; path = ../../../thirdParty/pvrSdk/framework/PVRTFixedPoint.cpp; sourceTree = "<group>"; };
		D854F1671B93951400D02CB8 /* PVRTFixedPoint.h */ = {isa = PBXFileReference; fileEncoding = 4; lastKnownFileType = sourcecode.c.h; name = PVRTFixedPoint.h; path = ../../../thirdParty/pvrSdk/framework/PVRTFixedPoint.h; sourceTree = "<group>"; };
		D854F1681B93951400D02CB8 /* PVRTGlobal.h */ = {isa = PBXFileReference; fileEncoding = 4; lastKnownFileType = sourcecode.c.h; name = PVRTGlobal.h; path = ../../../thirdParty/pvrSdk/framework/PVRTGlobal.h; sourceTree = "<group>"; };
		D854F1691B93951400D02CB8 /* PVRTMathTable.h */ = {isa = PBXFileReference; fileEncoding = 4; lastKnownFileType = sourcecode.c.h; name = PVRTMathTable.h; path = ../../../thirdParty/pvrSdk/framework/PVRTMathTable.h; sourceTree = "<group>"; };
		D854F16A1B93951400D02CB8 /* PVRTMatrix.h */ = {isa = PBXFileReference; fileEncoding = 4; lastKnownFileType = sourcecode.c.h; name = PVRTMatrix.h; path = ../../../thirdParty/pvrSdk/framework/PVRTMatrix.h; sourceTree = "<group>"; };
		D854F16B1B93951400D02CB8 /* PVRTMatrixF.cpp */ = {isa = PBXFileReference; fileEncoding = 4; lastKnownFileType = sourcecode.cpp.cpp; name = PVRTMatrixF.cpp; path = ../../../thirdParty/pvrSdk/framework/PVRTMatrixF.cpp; sourceTree = "<group>"; };
		D854F16C1B93951400D02CB8 /* PVRTMatrixX.cpp */ = {isa = PBXFileReference; fileEncoding = 4; lastKnownFileType = sourcecode.cpp.cpp; name = PVRTMatrixX.cpp; path = ../../../thirdParty/pvrSdk/framework/PVRTMatrixX.cpp; sourceTree = "<group>"; };
		D854F16D1B93951400D02CB8 /* PVRTMemoryFileSystem.h */ = {isa = PBXFileReference; fileEncoding = 4; lastKnownFileType = sourcecode.c.h; name = PVRTMemoryFileSystem.h; path = ../../../thirdParty/pvrSdk/framework/PVRTMemoryFileSystem.h; sourceTree = "<group>"; };
		D854F16E1B93951400D02CB8 /* PVRTMisc.cpp */ = {isa = PBXFileReference; fileEncoding = 4; lastKnownFileType = sourcecode.cpp.cpp; name = PVRTMisc.cpp; path = ../../../thirdParty/pvrSdk/framework/PVRTMisc.cpp; sourceTree = "<group>"; };
		D854F16F1B93951400D02CB8 /* PVRTMisc.h */ = {isa = PBXFileReference; fileEncoding = 4; lastKnownFileType = sourcecode.c.h; name = PVRTMisc.h; path = ../../../thirdParty/pvrSdk/framework/PVRTMisc.h; sourceTree = "<group>"; };
		D854F1701B93951400D02CB8 /* PVRTModelPOD.cpp */ = {isa = PBXFileReference; fileEncoding = 4; lastKnownFileType = sourcecode.cpp.cpp; name = PVRTModelPOD.cpp; path = ../../../thirdParty/pvrSdk/framework/PVRTModelPOD.cpp; sourceTree = "<group>"; };
		D854F1711B93951400D02CB8 /* PVRTModelPOD.h */ = {isa = PBXFileReference; fileEncoding = 4; lastKnownFileType = sourcecode.c.h; name = PVRTModelPOD.h; path = ../../../thirdParty/pvrSdk/framework/PVRTModelPOD.h; sourceTree = "<group>"; };
		D854F1721B93951400D02CB8 /* PVRTQuaternion.h */ = {isa = PBXFileReference; fileEncoding = 4; lastKnownFileType = sourcecode.c.h; name = PVRTQuaternion.h; path = ../../../thirdParty/pvrSdk/framework/PVRTQuaternion.h; sourceTree = "<group>"; };
		D854F1731B93951400D02CB8 /* PVRTQuaternionF.cpp */ = {isa = PBXFileReference; fileEncoding = 4; lastKnownFileType = sourcecode.cpp.cpp; name = PVRTQuaternionF.cpp; path = ../../../thirdParty/pvrSdk/framework/PVRTQuaternionF.cpp; sourceTree = "<group>"; };
		D854F1741B93951400D02CB8 /* PVRTQuaternionX.cpp */ = {isa = PBXFileReference; fileEncoding = 4; lastKnownFileType = sourcecode.cpp.cpp; name = PVRTQuaternionX.cpp; path = ../../../thirdParty/pvrSdk/framework/PVRTQuaternionX.cpp; sourceTree = "<group>"; };
		D854F1751B93951400D02CB8 /* PVRTResourceFile.cpp */ = {isa = PBXFileReference; fileEncoding = 4; lastKnownFileType = sourcecode.cpp.cpp; name = PVRTResourceFile.cpp; path = ../../../thirdParty/pvrSdk/framework/PVRTResourceFile.cpp; sourceTree = "<group>"; };
		D854F1761B93951400D02CB8 /* PVRTResourceFile.h */ = {isa = PBXFileReference; fileEncoding = 4; lastKnownFileType = sourcecode.c.h; name = PVRTResourceFile.h; path = ../../../thirdParty/pvrSdk/framework/PVRTResourceFile.h; sourceTree = "<group>"; };
		D854F1771B93951400D02CB8 /* PVRTString.cpp */ = {isa = PBXFileReference; fileEncoding = 4; lastKnownFileType = sourcecode.cpp.cpp; name = PVRTString.cpp; path = ../../../thirdParty/pvrSdk/framework/PVRTString.cpp; sourceTree = "<group>"; };
		D854F1781B93951400D02CB8 /* PVRTString.h */ = {isa = PBXFileReference; fileEncoding = 4; lastKnownFileType = sourcecode.c.h; name = PVRTString.h; path = ../../../thirdParty/pvrSdk/framework/PVRTString.h; sourceTree = "<group>"; };
		D854F1791B93951400D02CB8 /* PVRTTrans.cpp */ = {isa = PBXFileReference; fileEncoding = 4; lastKnownFileType = sourcecode.cpp.cpp; name = PVRTTrans.cpp; path = ../../../thirdParty/pvrSdk/framework/PVRTTrans.cpp; sourceTree = "<group>"; };
		D854F17A1B93951400D02CB8 /* PVRTTrans.h */ = {isa = PBXFileReference; fileEncoding = 4; lastKnownFileType = sourcecode.c.h; name = PVRTTrans.h; path = ../../../thirdParty/pvrSdk/framework/PVRTTrans.h; sourceTree = "<group>"; };
		D854F17B1B93951400D02CB8 /* PVRTVector.cpp */ = {isa = PBXFileReference; fileEncoding = 4; lastKnownFileType = sourcecode.cpp.cpp; name = PVRTVector.cpp; path = ../../../thirdParty/pvrSdk/framework/PVRTVector.cpp; sourceTree = "<group>"; };
		D854F17C1B93951400D02CB8 /* PVRTVector.h */ = {isa = PBXFileReference; fileEncoding = 4; lastKnownFileType = sourcecode.c.h; name = PVRTVector.h; path = ../../../thirdParty/pvrSdk/framework/PVRTVector.h; sourceTree = "<group>"; };
		D854F17D1B93951400D02CB8 /* PVRTVertex.cpp */ = {isa = PBXFileReference; fileEncoding = 4; lastKnownFileType = sourcecode.cpp.cpp; name = PVRTVertex.cpp; path = ../../../thirdParty/pvrSdk/framework/PVRTVertex.cpp; sourceTree = "<group>"; };
		D854F17E1B93951400D02CB8 /* PVRTVertex.h */ = {isa = PBXFileReference; fileEncoding = 4; lastKnownFileType = sourcecode.c.h; name = PVRTVertex.h; path = ../../../thirdParty/pvrSdk/framework/PVRTVertex.h; sourceTree = "<group>"; };
		D86FC3F91B93846F006AD475 /* AAPLAppDelegate.h */ = {isa = PBXFileReference; fileEncoding = 4; lastKnownFileType = sourcecode.c.h; path = AAPLAppDelegate.h; sourceTree = "<group>"; };
		D86FC3FA1B93846F006AD475 /* AAPLAppDelegate.mm */ = {isa = PBXFileReference; fileEncoding = 4; lastKnownFileType = sourcecode.cpp.objcpp; path = AAPLAppDelegate.mm; sourceTree = "<group>"; };
		D86FC3FB1B93846F006AD475 /* AAPLView.h */ = {isa = PBXFileReference; fileEncoding = 4; lastKnownFileType = sourcecode.c.h; path = AAPLView.h; sourceTree = "<group>"; };
		D86FC3FC1B93846F006AD475 /* AAPLView.mm */ = {isa = PBXFileReference; fileEncoding = 4; lastKnownFileType = sourcecode.cpp.objcpp; path = AAPLView.mm; sourceTree = "<group>"; };
		D86FC3FD1B93846F006AD475 /* AAPLViewController.h */ = {isa = PBXFileReference; fileEncoding = 4; lastKnownFileType = sourcecode.c.h; path = AAPLViewController.h; sourceTree = "<group>"; };
		D86FC3FE1B93846F006AD475 /* AAPLViewController.mm */ = {isa = PBXFileReference; fileEncoding = 4; lastKnownFileType = sourcecode.cpp.objcpp; path = AAPLViewController.mm; sourceTree = "<group>"; };
		D86FC4011B93846F006AD475 /* AAPLTransforms.h */ = {isa = PBXFileReference; fileEncoding = 4; lastKnownFileType = sourcecode.c.h; path = AAPLTransforms.h; sourceTree = "<group>"; };
		D86FC4021B93846F006AD475 /* AAPLTransforms.mm */ = {isa = PBXFileReference; fileEncoding = 4; lastKnownFileType = sourcecode.cpp.objcpp; path = AAPLTransforms.mm; sourceTree = "<group>"; };
		D86FC43E1B938DC2006AD475 /* Main.storyboard */ = {isa = PBXFileReference; fileEncoding = 4; lastKnownFileType = file.storyboard; name = Main.storyboard; path = src/common/app/Main.storyboard; sourceTree = SOURCE_ROOT; };
		D86FC4421B938EB9006AD475 /* main.m */ = {isa = PBXFileReference; fileEncoding = 4; lastKnownFileType = sourcecode.c.objc; name = main.m; path = src/main.m; sourceTree = SOURCE_ROOT; };
		D87699B51B93794900A77979 /* shaders.metal */ = {isa = PBXFileReference; fileEncoding = 4; lastKnownFileType = sourcecode.metal; name = shaders.metal; path = src/shaders.metal; sourceTree = SOURCE_ROOT; };
		D87699B61B93794900A77979 /* UniformBlockMap.h */ = {isa = PBXFileReference; fileEncoding = 4; lastKnownFileType = sourcecode.c.h; name = UniformBlockMap.h; path = src/UniformBlockMap.h; sourceTree = SOURCE_ROOT; };
		D87699B71B93794900A77979 /* UniformBlocks.h */ = {isa = PBXFileReference; fileEncoding = 4; lastKnownFileType = sourcecode.c.h; name = UniformBlocks.h; path = src/UniformBlocks.h; sourceTree = SOURCE_ROOT; };
		D87699BB1B93795900A77979 /* AAPLRenderer.h */ = {isa = PBXFileReference; fileEncoding = 4; lastKnownFileType = sourcecode.c.h; name = AAPLRenderer.h; path = src/AAPLRenderer.h; sourceTree = SOURCE_ROOT; };
		D87699BC1B93795900A77979 /* AAPLRenderer.mm */ = {isa = PBXFileReference; fileEncoding = 4; lastKnownFileType = sourcecode.cpp.objcpp; name = AAPLRenderer.mm; path = src/AAPLRenderer.mm; sourceTree = SOURCE_ROOT; };
		D87699C91B937A1A00A77979 /* Info.plist */ = {isa = PBXFileReference; fileEncoding = 4; lastKnownFileType = text.plist.xml; name = Info.plist; path = src/Info.plist; sourceTree = SOURCE_ROOT; };
		D87699CA1B937A1A00A77979 /* LaunchScreen.xib */ = {isa = PBXFileReference; fileEncoding = 4; lastKnownFileType = file.xib; name = LaunchScreen.xib; path = src/LaunchScreen.xib; sourceTree = SOURCE_ROOT; };
/* End PBXFileReference section */

/* Begin PBXFrameworksBuildPhase section */
		626C60AF1932F12C007A3E00 /* Frameworks */ = {
			isa = PBXFrameworksBuildPhase;
			buildActionMask = 2147483647;
			files = (
				626C610B1932F25E007A3E00 /* QuartzCore.framework in Frameworks */,
				626C61091932F259007A3E00 /* Metal.framework in Frameworks */,
			);
			runOnlyForDeploymentPostprocessing = 0;
		};
/* End PBXFrameworksBuildPhase section */

/* Begin PBXGroup section */
		626C60A91932F12C007A3E00 = {
			isa = PBXGroup;
			children = (
				626C60B51932F12C007A3E00 /* 02_BasicPODScene */,
				626C60B41932F12C007A3E00 /* Products */,
			);
			sourceTree = "<group>";
		};
		626C60B41932F12C007A3E00 /* Products */ = {
			isa = PBXGroup;
			children = (
				626C60B31932F12C007A3E00 /* 02_BasicPODScene.app */,
			);
			name = Products;
			sourceTree = "<group>";
		};
		626C60B51932F12C007A3E00 /* 02_BasicPODScene */ = {
			isa = PBXGroup;
			children = (
				D854F19D1B93954500D02CB8 /* thirdParty */,
				D854F14B1B93947400D02CB8 /* engine */,
				629ADF541933EBD100DEFFB1 /* demo */,
				D86FC3F71B93846F006AD475 /* common */,
				626C60B61932F12C007A3E00 /* Supporting Files */,
				626C610C1932F266007A3E00 /* Frameworks */,
			);
			name = 02_BasicPODScene;
			path = ../..;
			sourceTree = "<group>";
		};
		626C60B61932F12C007A3E00 /* Supporting Files */ = {
			isa = PBXGroup;
			children = (
				D86FC4421B938EB9006AD475 /* main.m */,
				D86FC43E1B938DC2006AD475 /* Main.storyboard */,
				D87699C91B937A1A00A77979 /* Info.plist */,
				D87699CA1B937A1A00A77979 /* LaunchScreen.xib */,
			);
			name = "Supporting Files";
			sourceTree = "<group>";
		};
		626C610C1932F266007A3E00 /* Frameworks */ = {
			isa = PBXGroup;
			children = (
				626C610A1932F25E007A3E00 /* QuartzCore.framework */,
				626C61081932F259007A3E00 /* Metal.framework */,
			);
			name = Frameworks;
			path = ..;
			sourceTree = "<group>";
		};
		629ADF541933EBD100DEFFB1 /* demo */ = {
			isa = PBXGroup;
			children = (
				D87699BB1B93795900A77979 /* AAPLRenderer.h */,
				D87699BC1B93795900A77979 /* AAPLRenderer.mm */,
				D87699B51B93794900A77979 /* shaders.metal */,
				D87699B61B93794900A77979 /* UniformBlockMap.h */,
				D87699B71B93794900A77979 /* UniformBlocks.h */,
			);
			name = demo;
			sourceTree = "<group>";
		};
		D854F14B1B93947400D02CB8 /* engine */ = {
			isa = PBXGroup;
			children = (
				D854F14C1B93947400D02CB8 /* core */,
				D854F1511B93947400D02CB8 /* renderer */,
			);
			path = engine;
			sourceTree = "<group>";
		};
		D854F14C1B93947400D02CB8 /* core */ = {
			isa = PBXGroup;
			children = (
				D854F14D1B93947400D02CB8 /* inc */,
				D854F14F1B93947400D02CB8 /* src */,
			);
			path = core;
			sourceTree = "<group>";
		};
		D854F14D1B93947400D02CB8 /* inc */ = {
			isa = PBXGroup;
			children = (
				D854F14E1B93947400D02CB8 /* body.hpp */,
			);
			path = inc;
			sourceTree = "<group>";
		};
		D854F14F1B93947400D02CB8 /* src */ = {
			isa = PBXGroup;
			children = (
				D854F1501B93947400D02CB8 /* body.cpp */,
			);
			path = src;
			sourceTree = "<group>";
		};
		D854F1511B93947400D02CB8 /* renderer */ = {
			isa = PBXGroup;
			children = (
				D854F1521B93947400D02CB8 /* inc */,
				D854F1561B93947400D02CB8 /* src */,
			);
			path = renderer;
			sourceTree = "<group>";
		};
		D854F1521B93947400D02CB8 /* inc */ = {
			isa = PBXGroup;
			children = (
				D854F1531B93947400D02CB8 /* actorGroup.h */,
				D854F1541B93947400D02CB8 /* mesh.h */,
				D854F1551B93947400D02CB8 /* pipeline.h */,
			);
			path = inc;
			sourceTree = "<group>";
		};
		D854F1561B93947400D02CB8 /* src */ = {
			isa = PBXGroup;
			children = (
				D854F1571B93947400D02CB8 /* actorGroup.mm */,
				D854F1581B93947400D02CB8 /* mesh.m */,
				D854F1591B93947400D02CB8 /* pipeline.m */,
			);
			path = src;
			sourceTree = "<group>";
		};
		D854F19C1B93952A00D02CB8 /* PVRFramework */ = {
			isa = PBXGroup;
			children = (
				D854F1621B93951400D02CB8 /* PVRTBoneBatch.cpp */,
				D854F1631B93951400D02CB8 /* PVRTBoneBatch.h */,
				D854F1641B93951400D02CB8 /* PVRTError.cpp */,
				D854F1651B93951400D02CB8 /* PVRTError.h */,
				D854F1661B93951400D02CB8 /* PVRTFixedPoint.cpp */,
				D854F1671B93951400D02CB8 /* PVRTFixedPoint.h */,
				D854F1681B93951400D02CB8 /* PVRTGlobal.h */,
				D854F1691B93951400D02CB8 /* PVRTMathTable.h */,
				D854F16A1B93951400D02CB8 /* PVRTMatrix.h */,
				D854F16B1B93951400D02CB8 /* PVRTMatrixF.cpp */,
				D854F16C1B93951400D02CB8 /* PVRTMatrixX.cpp */,
				D854F16D1B93951400D02CB8 /* PVRTMemoryFileSystem.h */,
				D854F16E1B93951400D02CB8 /* PVRTMisc.cpp */,
				D854F16F1B93951400D02CB8 /* PVRTMisc.h */,
				D854F1701B93951400D02CB8 /* PVRTModelPOD.cpp */,
				D854F1711B93951400D02CB8 /* PVRTModelPOD.h */,
				D854F1721B93951400D02CB8 /* PVRTQuaternion.h */,
				D854F1731B93951400D02CB8 /* PVRTQuaternionF.cpp */,
				D854F1741B93951400D02CB8 /* PVRTQuaternionX.cpp */,
				D854F1751B93951400D02CB8 /* PVRTResourceFile.cpp */,
				D854F1761B93951400D02CB8 /* PVRTResourceFile.h */,
				D854F1771B93951400D02CB8 /* PVRTString.cpp */,
				D854F1781B93951400D02CB8 /* PVRTString.h */,
				D854F1791B93951400D02CB8 /* PVRTTrans.cpp */,
				D854F17A1B93951400D02CB8 /* PVRTTrans.h */,
				D854F17B1B93951400D02CB8 /* PVRTVector.cpp */,
				D854F17C1B93951400D02CB8 /* PVRTVector.h */,
				D854F17D1B93951400D02CB8 /* PVRTVertex.cpp */,
				D854F17E1B93951400D02CB8 /* PVRTVertex.h */,
			);
			name = PVRFramework;
			path = thirdParty/pvrSdk/framework;
			sourceTree = "<group>";
		};
		D854F19D1B93954500D02CB8 /* thirdParty */ = {
			isa = PBXGroup;
			children = (
				D854F19C1B93952A00D02CB8 /* PVRFramework */,
			);
			name = thirdParty;
			sourceTree = "<group>";
		};
		D86FC3F71B93846F006AD475 /* common */ = {
			isa = PBXGroup;
			children = (
				D86FC3F81B93846F006AD475 /* app */,
				D86FC4001B93846F006AD475 /* math */,
			);
			name = common;
			path = src/common;
			sourceTree = SOURCE_ROOT;
		};
		D86FC3F81B93846F006AD475 /* app */ = {
			isa = PBXGroup;
			children = (
				D86FC3F91B93846F006AD475 /* AAPLAppDelegate.h */,
				D86FC3FA1B93846F006AD475 /* AAPLAppDelegate.mm */,
				D86FC3FB1B93846F006AD475 /* AAPLView.h */,
				D86FC3FC1B93846F006AD475 /* AAPLView.mm */,
				D86FC3FD1B93846F006AD475 /* AAPLViewController.h */,
				D86FC3FE1B93846F006AD475 /* AAPLViewController.mm */,
			);
			path = app;
			sourceTree = "<group>";
		};
		D86FC4001B93846F006AD475 /* math */ = {
			isa = PBXGroup;
			children = (
				D86FC4011B93846F006AD475 /* AAPLTransforms.h */,
				D86FC4021B93846F006AD475 /* AAPLTransforms.mm */,
			);
			path = math;
			sourceTree = "<group>";
		};
/* End PBXGroup section */

/* Begin PBXHeadersBuildPhase section */
		626C60B01932F12C007A3E00 /* Headers */ = {
			isa = PBXHeadersBuildPhase;
			buildActionMask = 2147483647;
			files = (
				D86FC4031B93846F006AD475 /* AAPLAppDelegate.h in Headers */,
				D854F18C1B93951400D02CB8 /* PVRTMisc.h in Headers */,
				D854F1821B93951400D02CB8 /* PVRTError.h in Headers */,
				D87699BD1B93795900A77979 /* AAPLRenderer.h in Headers */,
				D854F1861B93951400D02CB8 /* PVRTMathTable.h in Headers */,
				D86FC4051B93846F006AD475 /* AAPLView.h in Headers */,
				D854F1841B93951400D02CB8 /* PVRTFixedPoint.h in Headers */,
				D854F18A1B93951400D02CB8 /* PVRTMemoryFileSystem.h in Headers */,
				D854F1801B93951400D02CB8 /* PVRTBoneBatch.h in Headers */,
				D854F1871B93951400D02CB8 /* PVRTMatrix.h in Headers */,
				D86FC4071B93846F006AD475 /* AAPLViewController.h in Headers */,
				D854F1951B93951400D02CB8 /* PVRTString.h in Headers */,
				D854F15A1B93947400D02CB8 /* body.hpp in Headers */,
				D854F1971B93951400D02CB8 /* PVRTTrans.h in Headers */,
				D854F1931B93951400D02CB8 /* PVRTResourceFile.h in Headers */,
				D854F15D1B93947400D02CB8 /* mesh.h in Headers */,
				D854F15C1B93947400D02CB8 /* actorGroup.h in Headers */,
				D87699BA1B93794900A77979 /* UniformBlocks.h in Headers */,
				D86FC40A1B93846F006AD475 /* AAPLTransforms.h in Headers */,
				D854F18F1B93951400D02CB8 /* PVRTQuaternion.h in Headers */,
				D854F18E1B93951400D02CB8 /* PVRTModelPOD.h in Headers */,
				D854F1991B93951400D02CB8 /* PVRTVector.h in Headers */,
				D87699B91B93794900A77979 /* UniformBlockMap.h in Headers */,
				D854F1851B93951400D02CB8 /* PVRTGlobal.h in Headers */,
				D854F19B1B93951400D02CB8 /* PVRTVertex.h in Headers */,
				D854F15E1B93947400D02CB8 /* pipeline.h in Headers */,
			);
			runOnlyForDeploymentPostprocessing = 0;
		};
/* End PBXHeadersBuildPhase section */

/* Begin PBXNativeTarget section */
		626C60B21932F12C007A3E00 /* 02_BasicPODScene */ = {
			isa = PBXNativeTarget;
			buildConfigurationList = 626C60D81932F12C007A3E00 /* Build configuration list for PBXNativeTarget "02_BasicPODScene" */;
			buildPhases = (
				626C60AE1932F12C007A3E00 /* Sources */,
				626C60AF1932F12C007A3E00 /* Frameworks */,
				626C60B01932F12C007A3E00 /* Headers */,
				626C60B11932F12C007A3E00 /* Resources */,
			);
			buildRules = (
			);
			dependencies = (
			);
			name = 02_BasicPODScene;
			productName = MetalBasic3D;
			productReference = 626C60B31932F12C007A3E00 /* 02_BasicPODScene.app */;
			productType = "com.apple.product-type.application";
		};
/* End PBXNativeTarget section */

/* Begin PBXProject section */
		626C60AA1932F12C007A3E00 /* Project object */ = {
			isa = PBXProject;
			attributes = {
				LastUpgradeCheck = 0600;
				ORGANIZATIONNAME = "Apple Inc";
			};
			buildConfigurationList = 626C60AD1932F12C007A3E00 /* Build configuration list for PBXProject "02_BasicPODScene" */;
			compatibilityVersion = "Xcode 3.2";
			developmentRegion = English;
			hasScannedForEncodings = 0;
			knownRegions = (
				en,
				Base,
			);
			mainGroup = 626C60A91932F12C007A3E00;
			productRefGroup = 626C60B41932F12C007A3E00 /* Products */;
			projectDirPath = "";
			projectRoot = "";
			targets = (
				626C60B21932F12C007A3E00 /* 02_BasicPODScene */,
			);
		};
/* End PBXProject section */

/* Begin PBXResourcesBuildPhase section */
		626C60B11932F12C007A3E00 /* Resources */ = {
			isa = PBXResourcesBuildPhase;
			buildActionMask = 2147483647;
			files = (
				D86FC43F1B938DC2006AD475 /* Main.storyboard in Resources */,
				D87699CC1B937A1A00A77979 /* LaunchScreen.xib in Resources */,
			);
			runOnlyForDeploymentPostprocessing = 0;
		};
/* End PBXResourcesBuildPhase section */

/* Begin PBXSourcesBuildPhase section */
		626C60AE1932F12C007A3E00 /* Sources */ = {
			isa = PBXSourcesBuildPhase;
			buildActionMask = 2147483647;
			files = (
				D854F1601B93947400D02CB8 /* mesh.m in Sources */,
				D854F18D1B93951400D02CB8 /* PVRTModelPOD.cpp in Sources */,
				D854F1831B93951400D02CB8 /* PVRTFixedPoint.cpp in Sources */,
				D854F15F1B93947400D02CB8 /* actorGroup.mm in Sources */,
				D86FC4081B93846F006AD475 /* AAPLViewController.mm in Sources */,
				D86FC4041B93846F006AD475 /* AAPLAppDelegate.mm in Sources */,
				D854F1981B93951400D02CB8 /* PVRTVector.cpp in Sources */,
				D87699BE1B93795900A77979 /* AAPLRenderer.mm in Sources */,
				D854F1921B93951400D02CB8 /* PVRTResourceFile.cpp in Sources */,
				D854F1961B93951400D02CB8 /* PVRTTrans.cpp in Sources */,
				D86FC4061B93846F006AD475 /* AAPLView.mm in Sources */,
				D854F18B1B93951400D02CB8 /* PVRTMisc.cpp in Sources */,
				D86FC40B1B93846F006AD475 /* AAPLTransforms.mm in Sources */,
				D854F1911B93951400D02CB8 /* PVRTQuaternionX.cpp in Sources */,
				D854F1901B93951400D02CB8 /* PVRTQuaternionF.cpp in Sources */,
				D87699B81B93794900A77979 /* shaders.metal in Sources */,
				D854F1891B93951400D02CB8 /* PVRTMatrixX.cpp in Sources */,
				D854F1881B93951400D02CB8 /* PVRTMatrixF.cpp in Sources */,
				D854F19A1B93951400D02CB8 /* PVRTVertex.cpp in Sources */,
				D854F17F1B93951400D02CB8 /* PVRTBoneBatch.cpp in Sources */,
				D86FC4431B938EB9006AD475 /* main.m in Sources */,
				D854F1941B93951400D02CB8 /* PVRTString.cpp in Sources */,
				D854F1611B93947400D02CB8 /* pipeline.m in Sources */,
				D854F15B1B93947400D02CB8 /* body.cpp in Sources */,
				D854F1811B93951400D02CB8 /* PVRTError.cpp in Sources */,
			);
			runOnlyForDeploymentPostprocessing = 0;
		};
/* End PBXSourcesBuildPhase section */

/* Begin XCBuildConfiguration section */
		626C60D61932F12C007A3E00 /* Debug */ = {
			isa = XCBuildConfiguration;
			buildSettings = {
				ALWAYS_SEARCH_USER_PATHS = NO;
				CLANG_CXX_LANGUAGE_STANDARD = "gnu++0x";
				CLANG_CXX_LIBRARY = "libc++";
				CLANG_ENABLE_MODULES = YES;
				CLANG_ENABLE_OBJC_ARC = YES;
				CLANG_WARN_ASSIGN_ENUM = YES;
				CLANG_WARN_BOOL_CONVERSION = YES;
				CLANG_WARN_CONSTANT_CONVERSION = YES;
				CLANG_WARN_DIRECT_OBJC_ISA_USAGE = YES_ERROR;
				CLANG_WARN_EMPTY_BODY = YES;
				CLANG_WARN_ENUM_CONVERSION = YES;
				CLANG_WARN_INT_CONVERSION = YES;
				CLANG_WARN_OBJC_ROOT_CLASS = YES_ERROR;
				CLANG_WARN_UNREACHABLE_CODE = YES;
				CLANG_WARN__DUPLICATE_METHOD_MATCH = YES;
				"CODE_SIGN_IDENTITY[sdk=iphoneos*]" = "iPhone Developer";
				COPY_PHASE_STRIP = NO;
				ENABLE_STRICT_OBJC_MSGSEND = YES;
				GCC_C_LANGUAGE_STANDARD = gnu99;
				GCC_DYNAMIC_NO_PIC = NO;
				GCC_OPTIMIZATION_LEVEL = 0;
				GCC_PREPROCESSOR_DEFINITIONS = (
					"DEBUG=1",
					"$(inherited)",
				);
				GCC_SYMBOLS_PRIVATE_EXTERN = NO;
				GCC_WARN_64_TO_32_BIT_CONVERSION = YES;
				GCC_WARN_ABOUT_RETURN_TYPE = YES_ERROR;
				GCC_WARN_UNDECLARED_SELECTOR = YES;
				GCC_WARN_UNINITIALIZED_AUTOS = YES_AGGRESSIVE;
				GCC_WARN_UNUSED_FUNCTION = YES;
				GCC_WARN_UNUSED_VARIABLE = YES;
				IPHONEOS_DEPLOYMENT_TARGET = 8.0;
				MTL_ENABLE_DEBUG_INFO = YES;
				ONLY_ACTIVE_ARCH = YES;
				SDKROOT = iphoneos;
				TARGETED_DEVICE_FAMILY = "1,2";
				TOOLCHAINS = Default;
			};
			name = Debug;
		};
		626C60D71932F12C007A3E00 /* Release */ = {
			isa = XCBuildConfiguration;
			buildSettings = {
				ALWAYS_SEARCH_USER_PATHS = NO;
				CLANG_CXX_LANGUAGE_STANDARD = "gnu++0x";
				CLANG_CXX_LIBRARY = "libc++";
				CLANG_ENABLE_MODULES = YES;
				CLANG_ENABLE_OBJC_ARC = YES;
				CLANG_WARN_ASSIGN_ENUM = YES;
				CLANG_WARN_BOOL_CONVERSION = YES;
				CLANG_WARN_CONSTANT_CONVERSION = YES;
				CLANG_WARN_DIRECT_OBJC_ISA_USAGE = YES_ERROR;
				CLANG_WARN_EMPTY_BODY = YES;
				CLANG_WARN_ENUM_CONVERSION = YES;
				CLANG_WARN_INT_CONVERSION = YES;
				CLANG_WARN_OBJC_ROOT_CLASS = YES_ERROR;
				CLANG_WARN_UNREACHABLE_CODE = YES;
				CLANG_WARN__DUPLICATE_METHOD_MATCH = YES;
				"CODE_SIGN_IDENTITY[sdk=iphoneos*]" = "iPhone Developer";
				COPY_PHASE_STRIP = YES;
				ENABLE_NS_ASSERTIONS = NO;
				ENABLE_STRICT_OBJC_MSGSEND = YES;
				GCC_C_LANGUAGE_STANDARD = gnu99;
				GCC_WARN_64_TO_32_BIT_CONVERSION = YES;
				GCC_WARN_ABOUT_RETURN_TYPE = YES_ERROR;
				GCC_WARN_UNDECLARED_SELECTOR = YES;
				GCC_WARN_UNINITIALIZED_AUTOS = YES_AGGRESSIVE;
				GCC_WARN_UNUSED_FUNCTION = YES;
				GCC_WARN_UNUSED_VARIABLE = YES;
				IPHONEOS_DEPLOYMENT_TARGET = 8.0;
				SDKROOT = iphoneos;
				TARGETED_DEVICE_FAMILY = "1,2";
				TOOLCHAINS = Default;
				VALIDATE_PRODUCT = YES;
			};
			name = Release;
		};
		626C60D91932F12C007A3E00 /* Debug */ = {
			isa = XCBuildConfiguration;
			buildSettings = {
				ASSETCATALOG_COMPILER_APPICON_NAME = AppIcon;
				ASSETCATALOG_COMPILER_LAUNCHIMAGE_NAME = LaunchImage;
				CLANG_ENABLE_MODULES = YES;
				CLANG_MODULES_AUTOLINK = YES;
				CODE_SIGN_IDENTITY = "iPhone Developer";
				"CODE_SIGN_IDENTITY[sdk=iphoneos*]" = "iPhone Developer";
				HEADER_SEARCH_PATHS = (
					"$(inherited)",
					/Applications/Xcode.app/Contents/Developer/Toolchains/XcodeDefault.xctoolchain/usr/include,
					../../thirdParty/glm/,
				);
				INFOPLIST_FILE = "$(SRCROOT)/src/Info.plist";
				LD_RUNPATH_SEARCH_PATHS = "$(inherited) @executable_path/Frameworks";
				PRODUCT_NAME = 02_BasicPODScene;
				PROVISIONING_PROFILE = "";
			};
			name = Debug;
		};
		626C60DA1932F12C007A3E00 /* Release */ = {
			isa = XCBuildConfiguration;
			buildSettings = {
				ASSETCATALOG_COMPILER_APPICON_NAME = AppIcon;
				ASSETCATALOG_COMPILER_LAUNCHIMAGE_NAME = LaunchImage;
				CLANG_ENABLE_MODULES = YES;
				CLANG_MODULES_AUTOLINK = YES;
				CODE_SIGN_IDENTITY = "iPhone Developer";
				"CODE_SIGN_IDENTITY[sdk=iphoneos*]" = "iPhone Developer";
				HEADER_SEARCH_PATHS = (
					"$(inherited)",
					/Applications/Xcode.app/Contents/Developer/Toolchains/XcodeDefault.xctoolchain/usr/include,
					../../thirdParty/glm/,
				);
				INFOPLIST_FILE = "$(SRCROOT)/src/Info.plist";
				LD_RUNPATH_SEARCH_PATHS = "$(inherited) @executable_path/Frameworks";
				PRODUCT_NAME = 02_BasicPODScene;
				PROVISIONING_PROFILE = "";
			};
			name = Release;
		};
/* End XCBuildConfiguration section */

/* Begin XCConfigurationList section */
		626C60AD1932F12C007A3E00 /* Build configuration list for PBXProject "02_BasicPODScene" */ = {
			isa = XCConfigurationList;
			buildConfigurations = (
				626C60D61932F12C007A3E00 /* Debug */,
				626C60D71932F12C007A3E00 /* Release */,
			);
			defaultConfigurationIsVisible = 0;
			defaultConfigurationName = Release;
		};
		626C60D81932F12C007A3E00 /* Build configuration list for PBXNativeTarget "02_BasicPODScene" */ = {
			isa = XCConfigurationList;
			buildConfigurations = (
				626C60D91932F12C007A3E00 /* Debug */,
				626C60DA1932F12C007A3E00 /* Release */,
			);
			defaultConfigurationIsVisible = 0;
			defaultConfigurationName = Release;
		};
/* End XCConfigurationList section */
	};
	rootObject = 626C60AA1932F12C007A3E00 /* Project object */;
}
