// !$*UTF8*$!
{
	archiveVersion = 1;
	classes = {
	};
	objectVersion = 46;
	objects = {

/* Begin PBXBuildFile section */
		626C61091932F259007A3E00 /* Metal.framework in Frameworks */ = {isa = PBXBuildFile; fileRef = 626C61081932F259007A3E00 /* Metal.framework */; };
		626C610B1932F25E007A3E00 /* QuartzCore.framework in Frameworks */ = {isa = PBXBuildFile; fileRef = 626C610A1932F25E007A3E00 /* QuartzCore.framework */; };
		D80CB8251B7D32750070AB3F /* mesh.h in Headers */ = {isa = PBXBuildFile; fileRef = D80CB8241B7D32750070AB3F /* mesh.h */; };
		D80CB8271B7D328A0070AB3F /* mesh.m in Sources */ = {isa = PBXBuildFile; fileRef = D80CB8261B7D328A0070AB3F /* mesh.m */; };
		D831D7AE1B83CC110047B3B2 /* body.hpp in Headers */ = {isa = PBXBuildFile; fileRef = D831D7AD1B83CC110047B3B2 /* body.hpp */; };
		D831D7B01B83CC180047B3B2 /* body.cpp in Sources */ = {isa = PBXBuildFile; fileRef = D831D7AF1B83CC180047B3B2 /* body.cpp */; };
		D85992EC1B61861C00AF167E /* Images.xcassets in Resources */ = {isa = PBXBuildFile; fileRef = D85992E81B61861C00AF167E /* Images.xcassets */; };
		D85992EE1B61861C00AF167E /* LaunchScreen.xib in Resources */ = {isa = PBXBuildFile; fileRef = D85992EA1B61861C00AF167E /* LaunchScreen.xib */; };
		D85992EF1B61861C00AF167E /* main.m in Sources */ = {isa = PBXBuildFile; fileRef = D85992EB1B61861C00AF167E /* main.m */; };
		D85992F21B61864A00AF167E /* AAPLTransforms.h in Headers */ = {isa = PBXBuildFile; fileRef = D85992F01B61864A00AF167E /* AAPLTransforms.h */; };
		D85992F31B61864A00AF167E /* AAPLTransforms.mm in Sources */ = {isa = PBXBuildFile; fileRef = D85992F11B61864A00AF167E /* AAPLTransforms.mm */; };
		D85992FA1B61868800AF167E /* AAPLAppDelegate.h in Headers */ = {isa = PBXBuildFile; fileRef = D85992F41B61868800AF167E /* AAPLAppDelegate.h */; };
		D85992FB1B61868800AF167E /* AAPLAppDelegate.mm in Sources */ = {isa = PBXBuildFile; fileRef = D85992F51B61868800AF167E /* AAPLAppDelegate.mm */; };
		D85992FC1B61868800AF167E /* AAPLView.h in Headers */ = {isa = PBXBuildFile; fileRef = D85992F61B61868800AF167E /* AAPLView.h */; };
		D85992FD1B61868800AF167E /* AAPLView.mm in Sources */ = {isa = PBXBuildFile; fileRef = D85992F71B61868800AF167E /* AAPLView.mm */; };
		D85992FE1B61868800AF167E /* AAPLViewController.h in Headers */ = {isa = PBXBuildFile; fileRef = D85992F81B61868800AF167E /* AAPLViewController.h */; };
		D85992FF1B61868800AF167E /* AAPLViewController.mm in Sources */ = {isa = PBXBuildFile; fileRef = D85992F91B61868800AF167E /* AAPLViewController.mm */; };
		D86ADF991B6186D600994B06 /* Main.storyboard in Resources */ = {isa = PBXBuildFile; fileRef = D86ADF981B6186D600994B06 /* Main.storyboard */; };
		D86ADF9E1B6186EA00994B06 /* AAPLRenderer.h in Headers */ = {isa = PBXBuildFile; fileRef = D86ADF9A1B6186EA00994B06 /* AAPLRenderer.h */; };
		D86ADF9F1B6186EA00994B06 /* AAPLRenderer.mm in Sources */ = {isa = PBXBuildFile; fileRef = D86ADF9B1B6186EA00994B06 /* AAPLRenderer.mm */; };
		D86ADFA01B6186EA00994B06 /* AAPLSharedTypes.h in Headers */ = {isa = PBXBuildFile; fileRef = D86ADF9C1B6186EA00994B06 /* AAPLSharedTypes.h */; };
		D86ADFA11B6186EA00994B06 /* shaders.metal in Sources */ = {isa = PBXBuildFile; fileRef = D86ADF9D1B6186EA00994B06 /* shaders.metal */; };
		D89A0A541B62DDA000A98512 /* pipeline.h in Headers */ = {isa = PBXBuildFile; fileRef = D89A0A531B62DDA000A98512 /* pipeline.h */; };
		D89A0A561B62DDA700A98512 /* pipeline.m in Sources */ = {isa = PBXBuildFile; fileRef = D89A0A551B62DDA700A98512 /* pipeline.m */; };
		D89A0A581B62E4FA00A98512 /* actorGroup.h in Headers */ = {isa = PBXBuildFile; fileRef = D89A0A571B62E4FA00A98512 /* actorGroup.h */; };
		D89A0A5A1B62E50700A98512 /* actorGroup.m in Sources */ = {isa = PBXBuildFile; fileRef = D89A0A591B62E50700A98512 /* actorGroup.m */; };
/* End PBXBuildFile section */

/* Begin PBXFileReference section */
		626C60B31932F12C007A3E00 /* 01_Basic3D.app */ = {isa = PBXFileReference; explicitFileType = wrapper.application; includeInIndex = 0; path = 01_Basic3D.app; sourceTree = BUILT_PRODUCTS_DIR; };
		626C61081932F259007A3E00 /* Metal.framework */ = {isa = PBXFileReference; lastKnownFileType = wrapper.framework; name = Metal.framework; path = System/Library/Frameworks/Metal.framework; sourceTree = SDKROOT; };
		626C610A1932F25E007A3E00 /* QuartzCore.framework */ = {isa = PBXFileReference; lastKnownFileType = wrapper.framework; name = QuartzCore.framework; path = System/Library/Frameworks/QuartzCore.framework; sourceTree = SDKROOT; };
		D80CB8241B7D32750070AB3F /* mesh.h */ = {isa = PBXFileReference; fileEncoding = 4; lastKnownFileType = sourcecode.c.h; name = mesh.h; path = ../../../../../Code/projects/metal/engine/renderer/inc/mesh.h; sourceTree = "<group>"; };
		D80CB8261B7D328A0070AB3F /* mesh.m */ = {isa = PBXFileReference; fileEncoding = 4; lastKnownFileType = sourcecode.c.objc; name = mesh.m; path = ../../../../../Code/projects/metal/engine/renderer/src/mesh.m; sourceTree = "<group>"; };
		D831D7AD1B83CC110047B3B2 /* body.hpp */ = {isa = PBXFileReference; fileEncoding = 4; lastKnownFileType = sourcecode.cpp.h; name = body.hpp; path = ../../../../../Code/projects/metal/engine/core/inc/body.hpp; sourceTree = "<group>"; };
		D831D7AF1B83CC180047B3B2 /* body.cpp */ = {isa = PBXFileReference; fileEncoding = 4; lastKnownFileType = sourcecode.cpp.cpp; name = body.cpp; path = ../../../../../Code/projects/metal/engine/core/src/body.cpp; sourceTree = "<group>"; };
		D85992E81B61861C00AF167E /* Images.xcassets */ = {isa = PBXFileReference; lastKnownFileType = folder.assetcatalog; name = Images.xcassets; path = src/Images.xcassets; sourceTree = SOURCE_ROOT; };
		D85992E91B61861C00AF167E /* Info.plist */ = {isa = PBXFileReference; fileEncoding = 4; lastKnownFileType = text.plist.xml; name = Info.plist; path = src/Info.plist; sourceTree = SOURCE_ROOT; };
		D85992EA1B61861C00AF167E /* LaunchScreen.xib */ = {isa = PBXFileReference; fileEncoding = 4; lastKnownFileType = file.xib; name = LaunchScreen.xib; path = src/LaunchScreen.xib; sourceTree = SOURCE_ROOT; };
		D85992EB1B61861C00AF167E /* main.m */ = {isa = PBXFileReference; fileEncoding = 4; lastKnownFileType = sourcecode.c.objc; name = main.m; path = src/main.m; sourceTree = SOURCE_ROOT; };
		D85992F01B61864A00AF167E /* AAPLTransforms.h */ = {isa = PBXFileReference; fileEncoding = 4; lastKnownFileType = sourcecode.c.h; name = AAPLTransforms.h; path = src/common/math/AAPLTransforms.h; sourceTree = SOURCE_ROOT; };
		D85992F11B61864A00AF167E /* AAPLTransforms.mm */ = {isa = PBXFileReference; fileEncoding = 4; lastKnownFileType = sourcecode.cpp.objcpp; name = AAPLTransforms.mm; path = src/common/math/AAPLTransforms.mm; sourceTree = SOURCE_ROOT; };
		D85992F41B61868800AF167E /* AAPLAppDelegate.h */ = {isa = PBXFileReference; fileEncoding = 4; lastKnownFileType = sourcecode.c.h; name = AAPLAppDelegate.h; path = src/common/app/AAPLAppDelegate.h; sourceTree = SOURCE_ROOT; };
		D85992F51B61868800AF167E /* AAPLAppDelegate.mm */ = {isa = PBXFileReference; fileEncoding = 4; lastKnownFileType = sourcecode.cpp.objcpp; name = AAPLAppDelegate.mm; path = src/common/app/AAPLAppDelegate.mm; sourceTree = SOURCE_ROOT; };
		D85992F61B61868800AF167E /* AAPLView.h */ = {isa = PBXFileReference; fileEncoding = 4; lastKnownFileType = sourcecode.c.h; name = AAPLView.h; path = src/common/app/AAPLView.h; sourceTree = SOURCE_ROOT; };
		D85992F71B61868800AF167E /* AAPLView.mm */ = {isa = PBXFileReference; fileEncoding = 4; lastKnownFileType = sourcecode.cpp.objcpp; name = AAPLView.mm; path = src/common/app/AAPLView.mm; sourceTree = SOURCE_ROOT; };
		D85992F81B61868800AF167E /* AAPLViewController.h */ = {isa = PBXFileReference; fileEncoding = 4; lastKnownFileType = sourcecode.c.h; name = AAPLViewController.h; path = src/common/app/AAPLViewController.h; sourceTree = SOURCE_ROOT; };
		D85992F91B61868800AF167E /* AAPLViewController.mm */ = {isa = PBXFileReference; fileEncoding = 4; lastKnownFileType = sourcecode.cpp.objcpp; name = AAPLViewController.mm; path = src/common/app/AAPLViewController.mm; sourceTree = SOURCE_ROOT; };
		D86ADF981B6186D600994B06 /* Main.storyboard */ = {isa = PBXFileReference; fileEncoding = 4; lastKnownFileType = file.storyboard; name = Main.storyboard; path = src/common/app/Main.storyboard; sourceTree = SOURCE_ROOT; };
		D86ADF9A1B6186EA00994B06 /* AAPLRenderer.h */ = {isa = PBXFileReference; fileEncoding = 4; lastKnownFileType = sourcecode.c.h; name = AAPLRenderer.h; path = src/AAPLRenderer.h; sourceTree = SOURCE_ROOT; };
		D86ADF9B1B6186EA00994B06 /* AAPLRenderer.mm */ = {isa = PBXFileReference; fileEncoding = 4; lastKnownFileType = sourcecode.cpp.objcpp; name = AAPLRenderer.mm; path = src/AAPLRenderer.mm; sourceTree = SOURCE_ROOT; };
		D86ADF9C1B6186EA00994B06 /* AAPLSharedTypes.h */ = {isa = PBXFileReference; fileEncoding = 4; lastKnownFileType = sourcecode.c.h; name = AAPLSharedTypes.h; path = src/AAPLSharedTypes.h; sourceTree = SOURCE_ROOT; };
		D86ADF9D1B6186EA00994B06 /* shaders.metal */ = {isa = PBXFileReference; fileEncoding = 4; lastKnownFileType = sourcecode.metal; name = shaders.metal; path = src/shaders.metal; sourceTree = SOURCE_ROOT; };
		D89A0A531B62DDA000A98512 /* pipeline.h */ = {isa = PBXFileReference; fileEncoding = 4; lastKnownFileType = sourcecode.c.h; name = pipeline.h; path = ../../../../../Code/projects/metal/engine/renderer/inc/pipeline.h; sourceTree = "<group>"; };
		D89A0A551B62DDA700A98512 /* pipeline.m */ = {isa = PBXFileReference; fileEncoding = 4; lastKnownFileType = sourcecode.c.objc; name = pipeline.m; path = ../../../../../Code/projects/metal/engine/renderer/src/pipeline.m; sourceTree = "<group>"; };
		D89A0A571B62E4FA00A98512 /* actorGroup.h */ = {isa = PBXFileReference; fileEncoding = 4; lastKnownFileType = sourcecode.c.h; name = actorGroup.h; path = ../../../../../Code/projects/metal/engine/renderer/inc/actorGroup.h; sourceTree = "<group>"; };
		D89A0A591B62E50700A98512 /* actorGroup.m */ = {isa = PBXFileReference; fileEncoding = 4; lastKnownFileType = sourcecode.c.objc; name = actorGroup.m; path = ../../../../../Code/projects/metal/engine/renderer/src/actorGroup.m; sourceTree = "<group>"; };
/* End PBXFileReference section */

/* Begin PBXFrameworksBuildPhase section */
		626C60AF1932F12C007A3E00 /* Frameworks */ = {
			isa = PBXFrameworksBuildPhase;
			buildActionMask = 2147483647;
			files = (
				626C610B1932F25E007A3E00 /* QuartzCore.framework in Frameworks */,
				626C61091932F259007A3E00 /* Metal.framework in Frameworks */,
			);
			runOnlyForDeploymentPostprocessing = 0;
		};
/* End PBXFrameworksBuildPhase section */

/* Begin PBXGroup section */
		622A9BA319A983FC007F8120 /* Common */ = {
			isa = PBXGroup;
			children = (
				629ADF531933EBBC00DEFFB1 /* App */,
			);
			name = Common;
			sourceTree = "<group>";
		};
		626C60A91932F12C007A3E00 = {
			isa = PBXGroup;
			children = (
				626C60B51932F12C007A3E00 /* 01_Basic3D */,
				626C60B41932F12C007A3E00 /* Products */,
			);
			sourceTree = "<group>";
		};
		626C60B41932F12C007A3E00 /* Products */ = {
			isa = PBXGroup;
			children = (
				626C60B31932F12C007A3E00 /* 01_Basic3D.app */,
			);
			name = Products;
			sourceTree = "<group>";
		};
		626C60B51932F12C007A3E00 /* 01_Basic3D */ = {
			isa = PBXGroup;
			children = (
				D86ADFA31B61888300994B06 /* engine */,
				629ADF541933EBD100DEFFB1 /* Renderer */,
				622A9BA319A983FC007F8120 /* Common */,
				626C60B61932F12C007A3E00 /* Supporting Files */,
				626C610C1932F266007A3E00 /* Frameworks */,
			);
			name = 01_Basic3D;
			path = MetalBasic3D;
			sourceTree = "<group>";
		};
		626C60B61932F12C007A3E00 /* Supporting Files */ = {
			isa = PBXGroup;
			children = (
				D85992E81B61861C00AF167E /* Images.xcassets */,
				D85992E91B61861C00AF167E /* Info.plist */,
				D85992EA1B61861C00AF167E /* LaunchScreen.xib */,
				D85992EB1B61861C00AF167E /* main.m */,
			);
			name = "Supporting Files";
			sourceTree = "<group>";
		};
		626C610C1932F266007A3E00 /* Frameworks */ = {
			isa = PBXGroup;
			children = (
				626C610A1932F25E007A3E00 /* QuartzCore.framework */,
				626C61081932F259007A3E00 /* Metal.framework */,
			);
			name = Frameworks;
			path = ..;
			sourceTree = "<group>";
		};
		629ADF531933EBBC00DEFFB1 /* App */ = {
			isa = PBXGroup;
			children = (
				D86ADF981B6186D600994B06 /* Main.storyboard */,
				D85992F41B61868800AF167E /* AAPLAppDelegate.h */,
				D85992F51B61868800AF167E /* AAPLAppDelegate.mm */,
				D85992F61B61868800AF167E /* AAPLView.h */,
				D85992F71B61868800AF167E /* AAPLView.mm */,
				D85992F81B61868800AF167E /* AAPLViewController.h */,
				D85992F91B61868800AF167E /* AAPLViewController.mm */,
				629ADF551933EBD800DEFFB1 /* Math */,
			);
			name = App;
			sourceTree = "<group>";
		};
		629ADF541933EBD100DEFFB1 /* Renderer */ = {
			isa = PBXGroup;
			children = (
				D86ADF9A1B6186EA00994B06 /* AAPLRenderer.h */,
				D86ADF9B1B6186EA00994B06 /* AAPLRenderer.mm */,
				D86ADF9C1B6186EA00994B06 /* AAPLSharedTypes.h */,
				D86ADF9D1B6186EA00994B06 /* shaders.metal */,
			);
			name = Renderer;
			sourceTree = "<group>";
		};
		629ADF551933EBD800DEFFB1 /* Math */ = {
			isa = PBXGroup;
			children = (
				D85992F01B61864A00AF167E /* AAPLTransforms.h */,
				D85992F11B61864A00AF167E /* AAPLTransforms.mm */,
			);
			name = Math;
			sourceTree = "<group>";
		};
		D86ADFA31B61888300994B06 /* engine */ = {
			isa = PBXGroup;
			children = (
				D8B684941B83AAB100E00989 /* core */,
				D86ADFA41B61888300994B06 /* renderer */,
			);
			name = engine;
			path = ../../../engine;
			sourceTree = "<group>";
		};
		D86ADFA41B61888300994B06 /* renderer */ = {
			isa = PBXGroup;
			children = (
				D89A0A571B62E4FA00A98512 /* actorGroup.h */,
				D89A0A591B62E50700A98512 /* actorGroup.m */,
				D80CB8241B7D32750070AB3F /* mesh.h */,
				D80CB8261B7D328A0070AB3F /* mesh.m */,
				D89A0A531B62DDA000A98512 /* pipeline.h */,
				D89A0A551B62DDA700A98512 /* pipeline.m */,
			);
			path = renderer;
			sourceTree = "<group>";
		};
		D8B684941B83AAB100E00989 /* core */ = {
			isa = PBXGroup;
			children = (
				D831D7AD1B83CC110047B3B2 /* body.hpp */,
				D831D7AF1B83CC180047B3B2 /* body.cpp */,
			);
			path = core;
			sourceTree = "<group>";
		};
/* End PBXGroup section */

/* Begin PBXHeadersBuildPhase section */
		626C60B01932F12C007A3E00 /* Headers */ = {
			isa = PBXHeadersBuildPhase;
			buildActionMask = 2147483647;
			files = (
				D831D7AE1B83CC110047B3B2 /* body.hpp in Headers */,
				D85992F21B61864A00AF167E /* AAPLTransforms.h in Headers */,
				D86ADFA01B6186EA00994B06 /* AAPLSharedTypes.h in Headers */,
				D85992FC1B61868800AF167E /* AAPLView.h in Headers */,
				D86ADF9E1B6186EA00994B06 /* AAPLRenderer.h in Headers */,
				D89A0A541B62DDA000A98512 /* pipeline.h in Headers */,
				D85992FA1B61868800AF167E /* AAPLAppDelegate.h in Headers */,
				D80CB8251B7D32750070AB3F /* mesh.h in Headers */,
				D89A0A581B62E4FA00A98512 /* actorGroup.h in Headers */,
				D85992FE1B61868800AF167E /* AAPLViewController.h in Headers */,
			);
			runOnlyForDeploymentPostprocessing = 0;
		};
/* End PBXHeadersBuildPhase section */

/* Begin PBXNativeTarget section */
		626C60B21932F12C007A3E00 /* 01_Basic3D */ = {
			isa = PBXNativeTarget;
			buildConfigurationList = 626C60D81932F12C007A3E00 /* Build configuration list for PBXNativeTarget "01_Basic3D" */;
			buildPhases = (
				626C60AE1932F12C007A3E00 /* Sources */,
				626C60AF1932F12C007A3E00 /* Frameworks */,
				626C60B01932F12C007A3E00 /* Headers */,
				626C60B11932F12C007A3E00 /* Resources */,
			);
			buildRules = (
			);
			dependencies = (
			);
			name = 01_Basic3D;
			productName = MetalBasic3D;
			productReference = 626C60B31932F12C007A3E00 /* 01_Basic3D.app */;
			productType = "com.apple.product-type.application";
		};
/* End PBXNativeTarget section */

/* Begin PBXProject section */
		626C60AA1932F12C007A3E00 /* Project object */ = {
			isa = PBXProject;
			attributes = {
				LastUpgradeCheck = 0600;
				ORGANIZATIONNAME = "Apple Inc";
				TargetAttributes = {
					626C60B21932F12C007A3E00 = {
						DevelopmentTeam = W5BXR6X778;
					};
				};
			};
			buildConfigurationList = 626C60AD1932F12C007A3E00 /* Build configuration list for PBXProject "01_Basic3D" */;
			compatibilityVersion = "Xcode 3.2";
			developmentRegion = English;
			hasScannedForEncodings = 0;
			knownRegions = (
				en,
				Base,
			);
			mainGroup = 626C60A91932F12C007A3E00;
			productRefGroup = 626C60B41932F12C007A3E00 /* Products */;
			projectDirPath = "";
			projectRoot = "";
			targets = (
				626C60B21932F12C007A3E00 /* 01_Basic3D */,
			);
		};
/* End PBXProject section */

/* Begin PBXResourcesBuildPhase section */
		626C60B11932F12C007A3E00 /* Resources */ = {
			isa = PBXResourcesBuildPhase;
			buildActionMask = 2147483647;
			files = (
				D85992EE1B61861C00AF167E /* LaunchScreen.xib in Resources */,
				D86ADF991B6186D600994B06 /* Main.storyboard in Resources */,
				D85992EC1B61861C00AF167E /* Images.xcassets in Resources */,
			);
			runOnlyForDeploymentPostprocessing = 0;
		};
/* End PBXResourcesBuildPhase section */

/* Begin PBXSourcesBuildPhase section */
		626C60AE1932F12C007A3E00 /* Sources */ = {
			isa = PBXSourcesBuildPhase;
			buildActionMask = 2147483647;
			files = (
				D80CB8271B7D328A0070AB3F /* mesh.m in Sources */,
				D89A0A5A1B62E50700A98512 /* actorGroup.m in Sources */,
				D831D7B01B83CC180047B3B2 /* body.cpp in Sources */,
				D86ADFA11B6186EA00994B06 /* shaders.metal in Sources */,
				D85992FF1B61868800AF167E /* AAPLViewController.mm in Sources */,
				D86ADF9F1B6186EA00994B06 /* AAPLRenderer.mm in Sources */,
				D89A0A561B62DDA700A98512 /* pipeline.m in Sources */,
				D85992FB1B61868800AF167E /* AAPLAppDelegate.mm in Sources */,
				D85992F31B61864A00AF167E /* AAPLTransforms.mm in Sources */,
				D85992FD1B61868800AF167E /* AAPLView.mm in Sources */,
				D85992EF1B61861C00AF167E /* main.m in Sources */,
			);
			runOnlyForDeploymentPostprocessing = 0;
		};
/* End PBXSourcesBuildPhase section */

/* Begin XCBuildConfiguration section */
		626C60D61932F12C007A3E00 /* Debug */ = {
			isa = XCBuildConfiguration;
			buildSettings = {
				ALWAYS_SEARCH_USER_PATHS = NO;
				CLANG_CXX_LANGUAGE_STANDARD = "gnu++0x";
				CLANG_CXX_LIBRARY = "libc++";
				CLANG_ENABLE_MODULES = YES;
				CLANG_ENABLE_OBJC_ARC = YES;
				CLANG_WARN_ASSIGN_ENUM = YES;
				CLANG_WARN_BOOL_CONVERSION = YES;
				CLANG_WARN_CONSTANT_CONVERSION = YES;
				CLANG_WARN_DIRECT_OBJC_ISA_USAGE = YES_ERROR;
				CLANG_WARN_EMPTY_BODY = YES;
				CLANG_WARN_ENUM_CONVERSION = YES;
				CLANG_WARN_INT_CONVERSION = YES;
				CLANG_WARN_OBJC_ROOT_CLASS = YES_ERROR;
				CLANG_WARN_UNREACHABLE_CODE = YES;
				CLANG_WARN__DUPLICATE_METHOD_MATCH = YES;
				"CODE_SIGN_IDENTITY[sdk=iphoneos*]" = "iPhone Developer";
				COPY_PHASE_STRIP = NO;
				ENABLE_STRICT_OBJC_MSGSEND = YES;
				GCC_C_LANGUAGE_STANDARD = gnu99;
				GCC_DYNAMIC_NO_PIC = NO;
				GCC_OPTIMIZATION_LEVEL = 0;
				GCC_PREPROCESSOR_DEFINITIONS = (
					"DEBUG=1",
					"$(inherited)",
				);
				GCC_SYMBOLS_PRIVATE_EXTERN = NO;
				GCC_WARN_64_TO_32_BIT_CONVERSION = YES;
				GCC_WARN_ABOUT_RETURN_TYPE = YES_ERROR;
				GCC_WARN_UNDECLARED_SELECTOR = YES;
				GCC_WARN_UNINITIALIZED_AUTOS = YES_AGGRESSIVE;
				GCC_WARN_UNUSED_FUNCTION = YES;
				GCC_WARN_UNUSED_VARIABLE = YES;
				IPHONEOS_DEPLOYMENT_TARGET = 8.0;
				MTL_ENABLE_DEBUG_INFO = YES;
				ONLY_ACTIVE_ARCH = YES;
				SDKROOT = iphoneos;
				TARGETED_DEVICE_FAMILY = "1,2";
				TOOLCHAINS = Default;
			};
			name = Debug;
		};
		626C60D71932F12C007A3E00 /* Release */ = {
			isa = XCBuildConfiguration;
			buildSettings = {
				ALWAYS_SEARCH_USER_PATHS = NO;
				CLANG_CXX_LANGUAGE_STANDARD = "gnu++0x";
				CLANG_CXX_LIBRARY = "libc++";
				CLANG_ENABLE_MODULES = YES;
				CLANG_ENABLE_OBJC_ARC = YES;
				CLANG_WARN_ASSIGN_ENUM = YES;
				CLANG_WARN_BOOL_CONVERSION = YES;
				CLANG_WARN_CONSTANT_CONVERSION = YES;
				CLANG_WARN_DIRECT_OBJC_ISA_USAGE = YES_ERROR;
				CLANG_WARN_EMPTY_BODY = YES;
				CLANG_WARN_ENUM_CONVERSION = YES;
				CLANG_WARN_INT_CONVERSION = YES;
				CLANG_WARN_OBJC_ROOT_CLASS = YES_ERROR;
				CLANG_WARN_UNREACHABLE_CODE = YES;
				CLANG_WARN__DUPLICATE_METHOD_MATCH = YES;
				"CODE_SIGN_IDENTITY[sdk=iphoneos*]" = "iPhone Developer";
				COPY_PHASE_STRIP = YES;
				ENABLE_NS_ASSERTIONS = NO;
				ENABLE_STRICT_OBJC_MSGSEND = YES;
				GCC_C_LANGUAGE_STANDARD = gnu99;
				GCC_WARN_64_TO_32_BIT_CONVERSION = YES;
				GCC_WARN_ABOUT_RETURN_TYPE = YES_ERROR;
				GCC_WARN_UNDECLARED_SELECTOR = YES;
				GCC_WARN_UNINITIALIZED_AUTOS = YES_AGGRESSIVE;
				GCC_WARN_UNUSED_FUNCTION = YES;
				GCC_WARN_UNUSED_VARIABLE = YES;
				IPHONEOS_DEPLOYMENT_TARGET = 8.0;
				SDKROOT = iphoneos;
				TARGETED_DEVICE_FAMILY = "1,2";
				TOOLCHAINS = Default;
				VALIDATE_PRODUCT = YES;
			};
			name = Release;
		};
		626C60D91932F12C007A3E00 /* Debug */ = {
			isa = XCBuildConfiguration;
			buildSettings = {
				ASSETCATALOG_COMPILER_APPICON_NAME = AppIcon;
				ASSETCATALOG_COMPILER_LAUNCHIMAGE_NAME = LaunchImage;
				CLANG_ENABLE_MODULES = YES;
				CLANG_MODULES_AUTOLINK = YES;
				CODE_SIGN_IDENTITY = "iPhone Developer";
				"CODE_SIGN_IDENTITY[sdk=iphoneos*]" = "iPhone Developer";
				INFOPLIST_FILE = "$(SRCROOT)/src/Info.plist";
				LD_RUNPATH_SEARCH_PATHS = "$(inherited) @executable_path/Frameworks";
				PRODUCT_NAME = 01_Basic3D;
				PROVISIONING_PROFILE = "";
			};
			name = Debug;
		};
		626C60DA1932F12C007A3E00 /* Release */ = {
			isa = XCBuildConfiguration;
			buildSettings = {
				ASSETCATALOG_COMPILER_APPICON_NAME = AppIcon;
				ASSETCATALOG_COMPILER_LAUNCHIMAGE_NAME = LaunchImage;
				CLANG_ENABLE_MODULES = YES;
				CLANG_MODULES_AUTOLINK = YES;
				CODE_SIGN_IDENTITY = "iPhone Developer";
				"CODE_SIGN_IDENTITY[sdk=iphoneos*]" = "iPhone Developer";
				INFOPLIST_FILE = "$(SRCROOT)/src/Info.plist";
				LD_RUNPATH_SEARCH_PATHS = "$(inherited) @executable_path/Frameworks";
				PRODUCT_NAME = 01_Basic3D;
				PROVISIONING_PROFILE = "";
			};
			name = Release;
		};
/* End XCBuildConfiguration section */

/* Begin XCConfigurationList section */
		626C60AD1932F12C007A3E00 /* Build configuration list for PBXProject "01_Basic3D" */ = {
			isa = XCConfigurationList;
			buildConfigurations = (
				626C60D61932F12C007A3E00 /* Debug */,
				626C60D71932F12C007A3E00 /* Release */,
			);
			defaultConfigurationIsVisible = 0;
			defaultConfigurationName = Release;
		};
		626C60D81932F12C007A3E00 /* Build configuration list for PBXNativeTarget "01_Basic3D" */ = {
			isa = XCConfigurationList;
			buildConfigurations = (
				626C60D91932F12C007A3E00 /* Debug */,
				626C60DA1932F12C007A3E00 /* Release */,
			);
			defaultConfigurationIsVisible = 0;
			defaultConfigurationName = Release;
		};
/* End XCConfigurationList section */
	};
	rootObject = 626C60AA1932F12C007A3E00 /* Project object */;
}
